
Microsoft Visual Studio Solution File, Format Version 12.00
# Visual Studio Version 16
VisualStudioVersion = 16.0.29613.14
MinimumVisualStudioVersion = 10.0.40219.1
Project("{9A19103F-16F7-4668-BE54-9A1E7A4F7556}") = "RestAndGraphNet", "RestAndGraphDotNet\RestAndGraphNet.csproj", "{D9099081-16D0-410B-BFAA-A94A985A9577}"
EndProject
Project("{2150E333-8FDC-42A3-9474-1A3956D46DE8}") = "Solution Items", "Solution Items", "{EFA9260D-CEC0-4402-985D-3825C5919148}"
	ProjectSection(SolutionItems) = preProject
		README.md = README.md
	EndProjectSection
EndProject
Global
	GlobalSection(SolutionConfigurationPlatforms) = preSolution
		Debug|Any CPU = Debug|Any CPU
		Release|Any CPU = Release|Any CPU
	EndGlobalSection
	GlobalSection(ProjectConfigurationPlatforms) = postSolution
		{D9099081-16D0-410B-BFAA-A94A985A9577}.Debug|Any CPU.ActiveCfg = Debug|Any CPU
		{D9099081-16D0-410B-BFAA-A94A985A9577}.Debug|Any CPU.Build.0 = Debug|Any CPU
		{D9099081-16D0-410B-BFAA-A94A985A9577}.Release|Any CPU.ActiveCfg = Release|Any CPU
		{D9099081-16D0-410B-BFAA-A94A985A9577}.Release|Any CPU.Build.0 = Release|Any CPU
	EndGlobalSection
	GlobalSection(SolutionProperties) = preSolution
		HideSolutionNode = FALSE
	EndGlobalSection
	GlobalSection(ExtensibilityGlobals) = postSolution
		SolutionGuid = {5E608B0D-7118-4514-8490-7C1A9A34D9EB}
	EndGlobalSection
EndGlobal
